
Microsoft Visual Studio Solution File, Format Version 11.00
# Visual Studio 2010
Project("{FAE04EC0-301F-11D3-BF4B-00C04F79EFBC}") = "Haaper2Hebrew", "Haaper2Hebrew\Haaper2Hebrew.csproj", "{3E277309-BF17-49CD-9DDB-AD7FBC7454F1}"
EndProject
Global
	GlobalSection(SolutionConfigurationPlatforms) = preSolution
		Debug|x86 = Debug|x86
		Release|x86 = Release|x86
	EndGlobalSection
	GlobalSection(ProjectConfigurationPlatforms) = postSolution
		{3E277309-BF17-49CD-9DDB-AD7FBC7454F1}.Debug|x86.ActiveCfg = Debug|x86
		{3E277309-BF17-49CD-9DDB-AD7FBC7454F1}.Debug|x86.Build.0 = Debug|x86
		{3E277309-BF17-49CD-9DDB-AD7FBC7454F1}.Release|x86.ActiveCfg = Release|x86
		{3E277309-BF17-49CD-9DDB-AD7FBC7454F1}.Release|x86.Build.0 = Release|x86
	EndGlobalSection
	GlobalSection(MonoDevelopProperties) = preSolution
		StartupItem = Haaper2Hebrew\Haaper2Hebrew.csproj
	EndGlobalSection
EndGlobal
